
Microsoft Visual Studio Solution File, Format Version 12.00
# Visual Studio 15
VisualStudioVersion = 15.0.28010.2050
MinimumVisualStudioVersion = 10.0.40219.1
Project("{9A19103F-16F7-4668-BE54-9A1E7A4F7556}") = "CloudWing.MQ", "CloudWing.MQ\CloudWing.MQ.csproj", "{1F882893-D8A6-454A-B890-5352A94718F1}"
EndProject
Project("{2150E333-8FDC-42A3-9474-1A3956D46DE8}") = "Example", "Example", "{70D5A8C3-BC35-404E-8F08-94C07EF1C3EC}"
EndProject
Project("{9A19103F-16F7-4668-BE54-9A1E7A4F7556}") = "Pub", "Pub\Pub.csproj", "{033CEBC6-89E0-4CCB-A65B-6B2A04C191B2}"
EndProject
Project("{9A19103F-16F7-4668-BE54-9A1E7A4F7556}") = "Sub", "Sub\Sub.csproj", "{5C06E0DD-13BB-4804-9628-65F7761A5814}"
EndProject
Project("{9A19103F-16F7-4668-BE54-9A1E7A4F7556}") = "Msg", "Msg\Msg.csproj", "{9B3A6D00-DC75-44DC-A438-93368F3B5C51}"
EndProject
Global
	GlobalSection(SolutionConfigurationPlatforms) = preSolution
		Debug|Any CPU = Debug|Any CPU
		Debug|x64 = Debug|x64
		Release|Any CPU = Release|Any CPU
		Release|x64 = Release|x64
	EndGlobalSection
	GlobalSection(ProjectConfigurationPlatforms) = postSolution
		{1F882893-D8A6-454A-B890-5352A94718F1}.Debug|Any CPU.ActiveCfg = Debug|Any CPU
		{1F882893-D8A6-454A-B890-5352A94718F1}.Debug|Any CPU.Build.0 = Debug|Any CPU
		{1F882893-D8A6-454A-B890-5352A94718F1}.Debug|x64.ActiveCfg = Debug|x64
		{1F882893-D8A6-454A-B890-5352A94718F1}.Debug|x64.Build.0 = Debug|x64
		{1F882893-D8A6-454A-B890-5352A94718F1}.Release|Any CPU.ActiveCfg = Release|Any CPU
		{1F882893-D8A6-454A-B890-5352A94718F1}.Release|Any CPU.Build.0 = Release|Any CPU
		{1F882893-D8A6-454A-B890-5352A94718F1}.Release|x64.ActiveCfg = Release|x64
		{1F882893-D8A6-454A-B890-5352A94718F1}.Release|x64.Build.0 = Release|x64
		{033CEBC6-89E0-4CCB-A65B-6B2A04C191B2}.Debug|Any CPU.ActiveCfg = Debug|x64
		{033CEBC6-89E0-4CCB-A65B-6B2A04C191B2}.Debug|x64.ActiveCfg = Debug|x64
		{033CEBC6-89E0-4CCB-A65B-6B2A04C191B2}.Debug|x64.Build.0 = Debug|x64
		{033CEBC6-89E0-4CCB-A65B-6B2A04C191B2}.Release|Any CPU.ActiveCfg = Release|x64
		{033CEBC6-89E0-4CCB-A65B-6B2A04C191B2}.Release|x64.ActiveCfg = Release|x64
		{033CEBC6-89E0-4CCB-A65B-6B2A04C191B2}.Release|x64.Build.0 = Release|x64
		{5C06E0DD-13BB-4804-9628-65F7761A5814}.Debug|Any CPU.ActiveCfg = Debug|x64
		{5C06E0DD-13BB-4804-9628-65F7761A5814}.Debug|x64.ActiveCfg = Debug|x64
		{5C06E0DD-13BB-4804-9628-65F7761A5814}.Debug|x64.Build.0 = Debug|x64
		{5C06E0DD-13BB-4804-9628-65F7761A5814}.Release|Any CPU.ActiveCfg = Release|x64
		{5C06E0DD-13BB-4804-9628-65F7761A5814}.Release|x64.ActiveCfg = Release|x64
		{5C06E0DD-13BB-4804-9628-65F7761A5814}.Release|x64.Build.0 = Release|x64
		{9B3A6D00-DC75-44DC-A438-93368F3B5C51}.Debug|Any CPU.ActiveCfg = Debug|x64
		{9B3A6D00-DC75-44DC-A438-93368F3B5C51}.Debug|x64.ActiveCfg = Debug|x64
		{9B3A6D00-DC75-44DC-A438-93368F3B5C51}.Debug|x64.Build.0 = Debug|x64
		{9B3A6D00-DC75-44DC-A438-93368F3B5C51}.Release|Any CPU.ActiveCfg = Release|x64
		{9B3A6D00-DC75-44DC-A438-93368F3B5C51}.Release|x64.ActiveCfg = Release|x64
		{9B3A6D00-DC75-44DC-A438-93368F3B5C51}.Release|x64.Build.0 = Release|x64
	EndGlobalSection
	GlobalSection(SolutionProperties) = preSolution
		HideSolutionNode = FALSE
	EndGlobalSection
	GlobalSection(NestedProjects) = preSolution
		{033CEBC6-89E0-4CCB-A65B-6B2A04C191B2} = {70D5A8C3-BC35-404E-8F08-94C07EF1C3EC}
		{5C06E0DD-13BB-4804-9628-65F7761A5814} = {70D5A8C3-BC35-404E-8F08-94C07EF1C3EC}
		{9B3A6D00-DC75-44DC-A438-93368F3B5C51} = {70D5A8C3-BC35-404E-8F08-94C07EF1C3EC}
	EndGlobalSection
	GlobalSection(ExtensibilityGlobals) = postSolution
		SolutionGuid = {F4856309-FE6F-484E-BBEB-6CEF80EF8FC3}
	EndGlobalSection
EndGlobal
