
Microsoft Visual Studio Solution File, Format Version 12.00
# Visual Studio 15
VisualStudioVersion = 15.0.28010.2050
MinimumVisualStudioVersion = 10.0.40219.1
Project("{9A19103F-16F7-4668-BE54-9A1E7A4F7556}") = "CloudWing.MQ", "CloudWing.MQ\CloudWing.MQ.csproj", "{1F882893-D8A6-454A-B890-5352A94718F1}"
EndProject
Project("{2150E333-8FDC-42A3-9474-1A3956D46DE8}") = "Example", "Example", "{70D5A8C3-BC35-404E-8F08-94C07EF1C3EC}"
EndProject
Project("{9A19103F-16F7-4668-BE54-9A1E7A4F7556}") = "Msg", "Example\Msg\Msg.csproj", "{CA303459-84EA-4635-B03B-0762D8747F1C}"
EndProject
Project("{9A19103F-16F7-4668-BE54-9A1E7A4F7556}") = "Pub", "Example\Pub\Pub.csproj", "{2BC178AA-0302-4213-8372-DFCCB92AA941}"
EndProject
Project("{9A19103F-16F7-4668-BE54-9A1E7A4F7556}") = "Sub", "Example\Sub\Sub.csproj", "{98DB8DA6-57BA-49AB-A872-451056CFEEEA}"
EndProject
Global
	GlobalSection(SolutionConfigurationPlatforms) = preSolution
		Debug|Any CPU = Debug|Any CPU
		Debug|x64 = Debug|x64
		Release|Any CPU = Release|Any CPU
		Release|x64 = Release|x64
	EndGlobalSection
	GlobalSection(ProjectConfigurationPlatforms) = postSolution
		{1F882893-D8A6-454A-B890-5352A94718F1}.Debug|Any CPU.ActiveCfg = Debug|Any CPU
		{1F882893-D8A6-454A-B890-5352A94718F1}.Debug|Any CPU.Build.0 = Debug|Any CPU
		{1F882893-D8A6-454A-B890-5352A94718F1}.Debug|x64.ActiveCfg = Debug|x64
		{1F882893-D8A6-454A-B890-5352A94718F1}.Debug|x64.Build.0 = Debug|x64
		{1F882893-D8A6-454A-B890-5352A94718F1}.Release|Any CPU.ActiveCfg = Release|Any CPU
		{1F882893-D8A6-454A-B890-5352A94718F1}.Release|Any CPU.Build.0 = Release|Any CPU
		{1F882893-D8A6-454A-B890-5352A94718F1}.Release|x64.ActiveCfg = Release|x64
		{1F882893-D8A6-454A-B890-5352A94718F1}.Release|x64.Build.0 = Release|x64
		{CA303459-84EA-4635-B03B-0762D8747F1C}.Debug|Any CPU.ActiveCfg = Debug|x64
		{CA303459-84EA-4635-B03B-0762D8747F1C}.Debug|x64.ActiveCfg = Debug|x64
		{CA303459-84EA-4635-B03B-0762D8747F1C}.Debug|x64.Build.0 = Debug|x64
		{CA303459-84EA-4635-B03B-0762D8747F1C}.Release|Any CPU.ActiveCfg = Release|x64
		{CA303459-84EA-4635-B03B-0762D8747F1C}.Release|x64.ActiveCfg = Release|x64
		{CA303459-84EA-4635-B03B-0762D8747F1C}.Release|x64.Build.0 = Release|x64
		{2BC178AA-0302-4213-8372-DFCCB92AA941}.Debug|Any CPU.ActiveCfg = Debug|x64
		{2BC178AA-0302-4213-8372-DFCCB92AA941}.Debug|x64.ActiveCfg = Debug|x64
		{2BC178AA-0302-4213-8372-DFCCB92AA941}.Debug|x64.Build.0 = Debug|x64
		{2BC178AA-0302-4213-8372-DFCCB92AA941}.Release|Any CPU.ActiveCfg = Release|x64
		{2BC178AA-0302-4213-8372-DFCCB92AA941}.Release|x64.ActiveCfg = Release|x64
		{2BC178AA-0302-4213-8372-DFCCB92AA941}.Release|x64.Build.0 = Release|x64
		{98DB8DA6-57BA-49AB-A872-451056CFEEEA}.Debug|Any CPU.ActiveCfg = Debug|x64
		{98DB8DA6-57BA-49AB-A872-451056CFEEEA}.Debug|x64.ActiveCfg = Debug|x64
		{98DB8DA6-57BA-49AB-A872-451056CFEEEA}.Debug|x64.Build.0 = Debug|x64
		{98DB8DA6-57BA-49AB-A872-451056CFEEEA}.Release|Any CPU.ActiveCfg = Release|x64
		{98DB8DA6-57BA-49AB-A872-451056CFEEEA}.Release|x64.ActiveCfg = Release|x64
		{98DB8DA6-57BA-49AB-A872-451056CFEEEA}.Release|x64.Build.0 = Release|x64
	EndGlobalSection
	GlobalSection(SolutionProperties) = preSolution
		HideSolutionNode = FALSE
	EndGlobalSection
	GlobalSection(NestedProjects) = preSolution
		{CA303459-84EA-4635-B03B-0762D8747F1C} = {70D5A8C3-BC35-404E-8F08-94C07EF1C3EC}
		{2BC178AA-0302-4213-8372-DFCCB92AA941} = {70D5A8C3-BC35-404E-8F08-94C07EF1C3EC}
		{98DB8DA6-57BA-49AB-A872-451056CFEEEA} = {70D5A8C3-BC35-404E-8F08-94C07EF1C3EC}
	EndGlobalSection
	GlobalSection(ExtensibilityGlobals) = postSolution
		SolutionGuid = {F4856309-FE6F-484E-BBEB-6CEF80EF8FC3}
	EndGlobalSection
EndGlobal
